# This file is autogenerated, do not edit; changes may be undone by the next 'dep ensure'.


[[projects]]
  digest = "1:8eca1a18640cf3c015df3721cf4eaf9b470df7d50d2cc52e17065fddb3a4e8e7"
  name = "github.com/Sirupsen/logrus"
  packages = ["."]
  pruneopts = "UT"
  revision = "4b6ea7319e214d98c938f12692336f7ca9348d6b"
  version = "v0.10.0"

[[projects]]
  digest = "1:61cdb2158d939008f9e4db90ee2f00e1e157504ddbd413962a3d60894267ba46"
  name = "github.com/SumoLogic/sumologic-cloudfoundry-nozzle"
  packages = [
    "caching",
    "eventQueue",
    "eventRouting",
    "events",
    "firehoseclient",
    "logging",
    "sumoCFFirehose",
    "utils",
  ]
  pruneopts = "UT"
  revision = "8951bb4d6db1a4d88ee7b20597b8b4853b1480d5"
  version = "v0.9.0"

[[projects]]
  digest = "1:03666a52875323b41f84782234fc8a5b28067305e96ab190f5147397cc6a40f9"
  name = "github.com/alecthomas/template"
  packages = [
    ".",
    "parse",
  ]
  pruneopts = "UT"
  revision = "b867cc6ab45cece8143cfcc6fc9c77cf3f2c23c0"

[[projects]]
  digest = "1:c198fdc381e898e8fb62b8eb62758195091c313ad18e52a3067366e1dda2fb3c"
  name = "github.com/alecthomas/units"
  packages = ["."]
  pruneopts = "UT"
  revision = "6b4e7dc5e3143b85ea77909c72caf89416fc2915"

[[projects]]
  digest = "1:ff15bf36f9c47097f3752feabf194d844a60ec6fcf43f9e14962e0e7f1410207"
  name = "github.com/boltdb/bolt"
  packages = ["."]
  pruneopts = "UT"
  revision = "4d30731e9122988d2012a9574c43f80f054a0d3b"

[[projects]]
  digest = "1:38c4989230d8fd89b8f72bb86a825487936fb3c3d81c281e8fc8c9c3e65cc127"
  name = "github.com/cloudfoundry-community/go-cfclient"
  packages = ["."]
  pruneopts = "UT"
  revision = "c783aa0efe78706e9d98ffc4a84f0d42cd322ac8"

[[projects]]
  digest = "1:b2dd842253e733148777e8c5dad8bb89c54412179bd703b4a18ff69f7ee646ae"
  name = "github.com/cloudfoundry/noaa"
  packages = [
    ".",
    "consumer",
    "consumer/internal",
    "errors",
  ]
  pruneopts = "UT"
  revision = "0ca0d30d65c7422750132450593d402428dd2273"

[[projects]]
  digest = "1:b7b10de3dfc8df7b1ce61c79c148fca8f438554cb370c857d1d1ef98a9d5dd14"
  name = "github.com/cloudfoundry/sonde-go"
  packages = ["events"]
  pruneopts = "UT"
  revision = "81c3f6be579cf4337477a8b0d03852d0760b5801"

[[projects]]
  digest = "1:667f41be124637d8af08d9163be07cc718ae291bc590b6a91047c94b25ef0753"
  name = "github.com/davecgh/go-spew"
  packages = ["spew"]
  pruneopts = "UT"
  revision = "6d212800a42e8ab5c146b8ace3490ee17e5225f9"

[[projects]]
  digest = "1:f8d53c146b434a2852e95572fee2f711ed3c8770fce07e8490e400ee56679824"
  name = "github.com/gogo/protobuf"
  packages = [
    "gogoproto",
    "proto",
    "protoc-gen-gogo/descriptor",
  ]
  pruneopts = "UT"
  revision = "a4cceea7a401a73fefafd1a21fedbd4694124a82"

[[projects]]
  digest = "1:e9684f376cdd9a3b44b0a0cb8c626ce5e907a5541fad0c50e1e6d5f8999609ae"
  name = "github.com/golang/protobuf"
  packages = ["proto"]
  pruneopts = "UT"
  revision = "8ee79997227bf9b34611aee7946ae64735e6fd93"

[[projects]]
  digest = "1:0c154dc22cb734f9db194421d82060601725a3d9c983943b83ae32b55eb5c51c"
  name = "github.com/gorilla/websocket"
  packages = ["."]
  pruneopts = "UT"
  revision = "a69d25be2fe2923a97c2af6849b2f52426f68fc0"

[[projects]]
  digest = "1:0acf1f9108381431a167337f995b541d8584a3281282084fcbbe85ca67668413"
  name = "github.com/mailru/easyjson"
  packages = [
    ".",
    "buffer",
    "jlexer",
    "jwriter",
  ]
  pruneopts = "UT"
  revision = "159cdb893c982e3d1bc6450322fedd514f9c9de3"

[[projects]]
  digest = "1:730efcae6e513d04df336599d3147925ed670d0ac39c81299b862924a58adc3f"
  name = "github.com/onsi/ginkgo"
  packages = [
    ".",
    "config",
    "internal/codelocation",
    "internal/containernode",
    "internal/failer",
    "internal/leafnodes",
    "internal/remote",
    "internal/spec",
    "internal/specrunner",
    "internal/suite",
    "internal/testingtproxy",
    "internal/writer",
    "reporters",
    "reporters/stenographer",
    "types",
  ]
  pruneopts = "UT"
  revision = "462326b1628e124b23f42e87a8f2750e3c4e2d24"
  version = "v1.2.0"

[[projects]]
  digest = "1:40650f9cc5b69212645c66a379fcd78491935396e638fb9c967f4c288da3581e"
  name = "github.com/onsi/gomega"
  packages = [
    ".",
    "format",
    "internal/assertion",
    "internal/asyncassertion",
    "internal/testingtsupport",
    "matchers",
    "matchers/support/goraph/bipartitegraph",
    "matchers/support/goraph/edge",
    "matchers/support/goraph/node",
    "matchers/support/goraph/util",
    "types",
  ]
  pruneopts = "UT"
  revision = "a78ae492d53aad5a7a232d0d0462c14c400e3ee7"
  version = "v1.0"

[[projects]]
  digest = "1:08413c4235cad94a96c39e1e2f697789733c4a87d1fdf06b412d2cf2ba49826a"
  name = "github.com/pmezard/go-difflib"
  packages = ["difflib"]
  pruneopts = "UT"
  revision = "d8ed2627bdf02c080bf22230dbb337003b7aba2d"

[[projects]]
  digest = "1:25f2747b063c0a656195ef85413cef8c9f2bbe128deab7d39563a6ca1e536070"
  name = "github.com/stretchr/testify"
  packages = ["assert"]
  pruneopts = "UT"
  revision = "69483b4bd14f5845b5a1e55bca19e954e827f1d0"
  version = "v1.1.4"

[[projects]]
  digest = "1:0a65cfa1f7aefb37e6feab22ea198eb0c821d2de8e8ea1d63bec11fa27ad5eb0"
  name = "golang.org/x/net"
  packages = ["context"]
  pruneopts = "UT"
  revision = "7dbad50ab5b31073856416cdcfeb2796d682f844"

[[projects]]
  digest = "1:3e091df0fc39c540e9c9fdafe8ed0e389b86cbf09e7bde5184e6fe4ed834a636"
  name = "golang.org/x/oauth2"
  packages = [
    ".",
    "internal",
  ]
  pruneopts = "UT"
  revision = "2baa8a1b9338cf13d9eeb27696d761155fa480be"

[[projects]]
  digest = "1:69605d7eb5221321f44c296c948a11a603387e6e28034c72924e98d30343a023"
  name = "golang.org/x/sys"
  packages = ["unix"]
  pruneopts = "UT"
  revision = "9d4e42a20653790449273b3c85e67d6d8bae6e2e"

[[projects]]
  digest = "1:8744b3770858b2ef5344f7c664e1036b8bcee8b2f8b8b8729f3b2706ca54fff5"
  name = "google.golang.org/appengine"
  packages = [
    "internal",
    "internal/base",
    "internal/datastore",
    "internal/log",
    "internal/remote_api",
    "internal/urlfetch",
    "urlfetch",
  ]
  pruneopts = "UT"
  revision = "08a149cfaee099e6ce4be01c0113a78c85ee1dee"

[[projects]]
  digest = "1:ff3f26689865a3872eadbd4074e3e358cfe184adff8be9e38f1e420c75c1da10"
  name = "gopkg.in/alecthomas/kingpin.v2"
  packages = ["."]
  pruneopts = "UT"
  revision = "8cccfa8eb2e3183254457fb1749b2667fbc364c7"
  version = "v2.1.11"

[solve-meta]
  analyzer-name = "dep"
  analyzer-version = 1
  input-imports = [
    "github.com/Sirupsen/logrus",
    "github.com/SumoLogic/sumologic-cloudfoundry-nozzle/caching",
    "github.com/SumoLogic/sumologic-cloudfoundry-nozzle/eventQueue",
    "github.com/SumoLogic/sumologic-cloudfoundry-nozzle/eventRouting",
    "github.com/SumoLogic/sumologic-cloudfoundry-nozzle/events",
    "github.com/SumoLogic/sumologic-cloudfoundry-nozzle/firehoseclient",
    "github.com/SumoLogic/sumologic-cloudfoundry-nozzle/logging",
    "github.com/SumoLogic/sumologic-cloudfoundry-nozzle/sumoCFFirehose",
    "github.com/SumoLogic/sumologic-cloudfoundry-nozzle/utils",
    "github.com/boltdb/bolt",
    "github.com/cloudfoundry-community/go-cfclient",
    "github.com/cloudfoundry/noaa/consumer",
    "github.com/cloudfoundry/sonde-go/events",
    "github.com/gogo/protobuf/proto",
    "github.com/gorilla/websocket",
    "github.com/mailru/easyjson",
    "github.com/mailru/easyjson/jlexer",
    "github.com/mailru/easyjson/jwriter",
    "github.com/onsi/ginkgo",
    "github.com/onsi/gomega",
    "github.com/stretchr/testify/assert",
    "gopkg.in/alecthomas/kingpin.v2",
  ]
  solver-name = "gps-cdcl"
  solver-version = 1
